
Microsoft Visual Studio Solution File, Format Version 12.00
# Visual Studio Version 17
VisualStudioVersion = 17.3.32922.545
MinimumVisualStudioVersion = 10.0.40219.1
Project("{FAE04EC0-301F-11D3-BF4B-00C04F79EFBC}") = "Day14_CSV_File_JSON_File", "Day14_CSV_File_JSON_File\Day14_CSV_File_JSON_File.csproj", "{DDA07D66-B24E-4311-B400-0AE40B7DF4A4}"
EndProject
Global
	GlobalSection(SolutionConfigurationPlatforms) = preSolution
		Debug|Any CPU = Debug|Any CPU
		Release|Any CPU = Release|Any CPU
	EndGlobalSection
	GlobalSection(ProjectConfigurationPlatforms) = postSolution
		{DDA07D66-B24E-4311-B400-0AE40B7DF4A4}.Debug|Any CPU.ActiveCfg = Debug|Any CPU
		{DDA07D66-B24E-4311-B400-0AE40B7DF4A4}.Debug|Any CPU.Build.0 = Debug|Any CPU
		{DDA07D66-B24E-4311-B400-0AE40B7DF4A4}.Release|Any CPU.ActiveCfg = Release|Any CPU
		{DDA07D66-B24E-4311-B400-0AE40B7DF4A4}.Release|Any CPU.Build.0 = Release|Any CPU
	EndGlobalSection
	GlobalSection(SolutionProperties) = preSolution
		HideSolutionNode = FALSE
	EndGlobalSection
	GlobalSection(ExtensibilityGlobals) = postSolution
		SolutionGuid = {F44E4A22-143C-4737-B6D8-F895C1C29788}
	EndGlobalSection
EndGlobal
